
Microsoft Visual Studio Solution File, Format Version 12.00
# Visual Studio Version 16
VisualStudioVersion = 16.0.31005.135
MinimumVisualStudioVersion = 10.0.40219.1
Project("{9A19103F-16F7-4668-BE54-9A1E7A4F7556}") = "Messanger", "Messanger.csproj", "{0CB9ED2A-19C1-41AF-894A-12B79FAB3846}"
EndProject
Project("{2150E333-8FDC-42A3-9474-1A3956D46DE8}") = "Domain", "Domain", "{C74F0DE3-FFBF-4E04-AD48-D6F0CC65113D}"
EndProject
Project("{2150E333-8FDC-42A3-9474-1A3956D46DE8}") = "Services", "Services", "{1076192E-B18D-4A19-A3A7-8D503A9CD477}"
EndProject
Project("{2150E333-8FDC-42A3-9474-1A3956D46DE8}") = "Infrastructure", "Infrastructure", "{55483100-05B3-47C1-8346-550B6AE09CF6}"
EndProject
Project("{FAE04EC0-301F-11D3-BF4B-00C04F79EFBC}") = "Messanger.Domain.Core", "..\Messanger.Domain.Core\Messanger.Domain.Core.csproj", "{EF044F5F-3AB7-4D23-A384-8D8CB5CED8F3}"
EndProject
Project("{FAE04EC0-301F-11D3-BF4B-00C04F79EFBC}") = "Messanger.Domain.Interfaces", "..\Messanger.Domain.Interfaces\Messanger.Domain.Interfaces.csproj", "{FC7C9F43-F637-448B-8F0A-F7A0C70B0728}"
EndProject
Project("{FAE04EC0-301F-11D3-BF4B-00C04F79EFBC}") = "Messanger.Infrastructure.Business", "..\Messanger.Infrastructure.Business\Messanger.Infrastructure.Business.csproj", "{618E7548-F102-4DE5-81B1-EEC72E9746C6}"
EndProject
Project("{FAE04EC0-301F-11D3-BF4B-00C04F79EFBC}") = "Messanger.Infrastructure.Data", "..\Messanger.Infrastructure.Data\Messanger.Infrastructure.Data.csproj", "{429F536C-2C78-42A0-814C-B7B3E4A4FD8B}"
EndProject
Project("{FAE04EC0-301F-11D3-BF4B-00C04F79EFBC}") = "Messanger.Services.Interfaces", "..\Messanger.Services.Interfaces\Messanger.Services.Interfaces.csproj", "{7E00E728-0ED4-41BB-A106-4EB8E442AE02}"
EndProject
Global
	GlobalSection(SolutionConfigurationPlatforms) = preSolution
		Debug|Any CPU = Debug|Any CPU
		Release|Any CPU = Release|Any CPU
	EndGlobalSection
	GlobalSection(ProjectConfigurationPlatforms) = postSolution
		{0CB9ED2A-19C1-41AF-894A-12B79FAB3846}.Debug|Any CPU.ActiveCfg = Debug|Any CPU
		{0CB9ED2A-19C1-41AF-894A-12B79FAB3846}.Debug|Any CPU.Build.0 = Debug|Any CPU
		{0CB9ED2A-19C1-41AF-894A-12B79FAB3846}.Release|Any CPU.ActiveCfg = Release|Any CPU
		{0CB9ED2A-19C1-41AF-894A-12B79FAB3846}.Release|Any CPU.Build.0 = Release|Any CPU
		{EF044F5F-3AB7-4D23-A384-8D8CB5CED8F3}.Debug|Any CPU.ActiveCfg = Debug|Any CPU
		{EF044F5F-3AB7-4D23-A384-8D8CB5CED8F3}.Debug|Any CPU.Build.0 = Debug|Any CPU
		{EF044F5F-3AB7-4D23-A384-8D8CB5CED8F3}.Release|Any CPU.ActiveCfg = Release|Any CPU
		{EF044F5F-3AB7-4D23-A384-8D8CB5CED8F3}.Release|Any CPU.Build.0 = Release|Any CPU
		{FC7C9F43-F637-448B-8F0A-F7A0C70B0728}.Debug|Any CPU.ActiveCfg = Debug|Any CPU
		{FC7C9F43-F637-448B-8F0A-F7A0C70B0728}.Debug|Any CPU.Build.0 = Debug|Any CPU
		{FC7C9F43-F637-448B-8F0A-F7A0C70B0728}.Release|Any CPU.ActiveCfg = Release|Any CPU
		{FC7C9F43-F637-448B-8F0A-F7A0C70B0728}.Release|Any CPU.Build.0 = Release|Any CPU
		{618E7548-F102-4DE5-81B1-EEC72E9746C6}.Debug|Any CPU.ActiveCfg = Debug|Any CPU
		{618E7548-F102-4DE5-81B1-EEC72E9746C6}.Debug|Any CPU.Build.0 = Debug|Any CPU
		{618E7548-F102-4DE5-81B1-EEC72E9746C6}.Release|Any CPU.ActiveCfg = Release|Any CPU
		{618E7548-F102-4DE5-81B1-EEC72E9746C6}.Release|Any CPU.Build.0 = Release|Any CPU
		{429F536C-2C78-42A0-814C-B7B3E4A4FD8B}.Debug|Any CPU.ActiveCfg = Debug|Any CPU
		{429F536C-2C78-42A0-814C-B7B3E4A4FD8B}.Debug|Any CPU.Build.0 = Debug|Any CPU
		{429F536C-2C78-42A0-814C-B7B3E4A4FD8B}.Release|Any CPU.ActiveCfg = Release|Any CPU
		{429F536C-2C78-42A0-814C-B7B3E4A4FD8B}.Release|Any CPU.Build.0 = Release|Any CPU
		{7E00E728-0ED4-41BB-A106-4EB8E442AE02}.Debug|Any CPU.ActiveCfg = Debug|Any CPU
		{7E00E728-0ED4-41BB-A106-4EB8E442AE02}.Debug|Any CPU.Build.0 = Debug|Any CPU
		{7E00E728-0ED4-41BB-A106-4EB8E442AE02}.Release|Any CPU.ActiveCfg = Release|Any CPU
		{7E00E728-0ED4-41BB-A106-4EB8E442AE02}.Release|Any CPU.Build.0 = Release|Any CPU
	EndGlobalSection
	GlobalSection(SolutionProperties) = preSolution
		HideSolutionNode = FALSE
	EndGlobalSection
	GlobalSection(NestedProjects) = preSolution
		{EF044F5F-3AB7-4D23-A384-8D8CB5CED8F3} = {C74F0DE3-FFBF-4E04-AD48-D6F0CC65113D}
		{FC7C9F43-F637-448B-8F0A-F7A0C70B0728} = {C74F0DE3-FFBF-4E04-AD48-D6F0CC65113D}
		{618E7548-F102-4DE5-81B1-EEC72E9746C6} = {55483100-05B3-47C1-8346-550B6AE09CF6}
		{429F536C-2C78-42A0-814C-B7B3E4A4FD8B} = {55483100-05B3-47C1-8346-550B6AE09CF6}
		{7E00E728-0ED4-41BB-A106-4EB8E442AE02} = {1076192E-B18D-4A19-A3A7-8D503A9CD477}
	EndGlobalSection
	GlobalSection(ExtensibilityGlobals) = postSolution
		SolutionGuid = {BB4B4989-6A68-4E8C-9194-A372A261BE4C}
	EndGlobalSection
EndGlobal
